// !$*UTF8*$!
{
	archiveVersion = 1;
	classes = {
	};
	objectVersion = 56;
	objects = {

/* Begin PBXBuildFile section */
		A2AF87222AA79EF9002762E9 /* AppDelegate.swift in Sources */ = {isa = PBXBuildFile; fileRef = A2AF87212AA79EF9002762E9 /* AppDelegate.swift */; };
		A2AF87242AA79EF9002762E9 /* SceneDelegate.swift in Sources */ = {isa = PBXBuildFile; fileRef = A2AF87232AA79EF9002762E9 /* SceneDelegate.swift */; };
		A2AF87262AA79EF9002762E9 /* ViewController.swift in Sources */ = {isa = PBXBuildFile; fileRef = A2AF87252AA79EF9002762E9 /* ViewController.swift */; };
		A2AF87292AA79EF9002762E9 /* Main.storyboard in Resources */ = {isa = PBXBuildFile; fileRef = A2AF87272AA79EF9002762E9 /* Main.storyboard */; };
		A2AF872B2AA79EFA002762E9 /* Assets.xcassets in Resources */ = {isa = PBXBuildFile; fileRef = A2AF872A2AA79EFA002762E9 /* Assets.xcassets */; };
		A2AF872E2AA79EFA002762E9 /* LaunchScreen.storyboard in Resources */ = {isa = PBXBuildFile; fileRef = A2AF872C2AA79EFA002762E9 /* LaunchScreen.storyboard */; };
		A2AF87392AA79EFA002762E9 /* Voting_Eligibility_AppTests.swift in Sources */ = {isa = PBXBuildFile; fileRef = A2AF87382AA79EFA002762E9 /* Voting_Eligibility_AppTests.swift */; };
		A2AF87432AA79EFA002762E9 /* Voting_Eligibility_AppUITests.swift in Sources */ = {isa = PBXBuildFile; fileRef = A2AF87422AA79EFA002762E9 /* Voting_Eligibility_AppUITests.swift */; };
		A2AF87452AA79EFA002762E9 /* Voting_Eligibility_AppUITestsLaunchTests.swift in Sources */ = {isa = PBXBuildFile; fileRef = A2AF87442AA79EFA002762E9 /* Voting_Eligibility_AppUITestsLaunchTests.swift */; };
/* End PBXBuildFile section */

/* Begin PBXContainerItemProxy section */
		A2AF87352AA79EFA002762E9 /* PBXContainerItemProxy */ = {
			isa = PBXContainerItemProxy;
			containerPortal = A2AF87162AA79EF9002762E9 /* Project object */;
			proxyType = 1;
			remoteGlobalIDString = A2AF871D2AA79EF9002762E9;
			remoteInfo = "Voting Eligibility App";
		};
		A2AF873F2AA79EFA002762E9 /* PBXContainerItemProxy */ = {
			isa = PBXContainerItemProxy;
			containerPortal = A2AF87162AA79EF9002762E9 /* Project object */;
			proxyType = 1;
			remoteGlobalIDString = A2AF871D2AA79EF9002762E9;
			remoteInfo = "Voting Eligibility App";
		};
/* End PBXContainerItemProxy section */

/* Begin PBXFileReference section */
		A2AF871E2AA79EF9002762E9 /* Voting Eligibility App.app */ = {isa = PBXFileReference; explicitFileType = wrapper.application; includeInIndex = 0; path = "Voting Eligibility App.app"; sourceTree = BUILT_PRODUCTS_DIR; };
		A2AF87212AA79EF9002762E9 /* AppDelegate.swift */ = {isa = PBXFileReference; lastKnownFileType = sourcecode.swift; path = AppDelegate.swift; sourceTree = "<group>"; };
		A2AF87232AA79EF9002762E9 /* SceneDelegate.swift */ = {isa = PBXFileReference; lastKnownFileType = sourcecode.swift; path = SceneDelegate.swift; sourceTree = "<group>"; };
		A2AF87252AA79EF9002762E9 /* ViewController.swift */ = {isa = PBXFileReference; lastKnownFileType = sourcecode.swift; path = ViewController.swift; sourceTree = "<group>"; };
		A2AF87282AA79EF9002762E9 /* Base */ = {isa = PBXFileReference; lastKnownFileType = file.storyboard; name = Base; path = Base.lproj/Main.storyboard; sourceTree = "<group>"; };
		A2AF872A2AA79EFA002762E9 /* Assets.xcassets */ = {isa = PBXFileReference; lastKnownFileType = folder.assetcatalog; path = Assets.xcassets; sourceTree = "<group>"; };
		A2AF872D2AA79EFA002762E9 /* Base */ = {isa = PBXFileReference; lastKnownFileType = file.storyboard; name = Base; path = Base.lproj/LaunchScreen.storyboard; sourceTree = "<group>"; };
		A2AF872F2AA79EFA002762E9 /* Info.plist */ = {isa = PBXFileReference; lastKnownFileType = text.plist.xml; path = Info.plist; sourceTree = "<group>"; };
		A2AF87342AA79EFA002762E9 /* Voting Eligibility AppTests.xctest */ = {isa = PBXFileReference; explicitFileType = wrapper.cfbundle; includeInIndex = 0; path = "Voting Eligibility AppTests.xctest"; sourceTree = BUILT_PRODUCTS_DIR; };
		A2AF87382AA79EFA002762E9 /* Voting_Eligibility_AppTests.swift */ = {isa = PBXFileReference; lastKnownFileType = sourcecode.swift; path = Voting_Eligibility_AppTests.swift; sourceTree = "<group>"; };
		A2AF873E2AA79EFA002762E9 /* Voting Eligibility AppUITests.xctest */ = {isa = PBXFileReference; explicitFileType = wrapper.cfbundle; includeInIndex = 0; path = "Voting Eligibility AppUITests.xctest"; sourceTree = BUILT_PRODUCTS_DIR; };
		A2AF87422AA79EFA002762E9 /* Voting_Eligibility_AppUITests.swift */ = {isa = PBXFileReference; lastKnownFileType = sourcecode.swift; path = Voting_Eligibility_AppUITests.swift; sourceTree = "<group>"; };
		A2AF87442AA79EFA002762E9 /* Voting_Eligibility_AppUITestsLaunchTests.swift */ = {isa = PBXFileReference; lastKnownFileType = sourcecode.swift; path = Voting_Eligibility_AppUITestsLaunchTests.swift; sourceTree = "<group>"; };
/* End PBXFileReference section */

/* Begin PBXFrameworksBuildPhase section */
		A2AF871B2AA79EF9002762E9 /* Frameworks */ = {
			isa = PBXFrameworksBuildPhase;
			buildActionMask = 2147483647;
			files = (
			);
			runOnlyForDeploymentPostprocessing = 0;
		};
		A2AF87312AA79EFA002762E9 /* Frameworks */ = {
			isa = PBXFrameworksBuildPhase;
			buildActionMask = 2147483647;
			files = (
			);
			runOnlyForDeploymentPostprocessing = 0;
		};
		A2AF873B2AA79EFA002762E9 /* Frameworks */ = {
			isa = PBXFrameworksBuildPhase;
			buildActionMask = 2147483647;
			files = (
			);
			runOnlyForDeploymentPostprocessing = 0;
		};
/* End PBXFrameworksBuildPhase section */

/* Begin PBXGroup section */
		A2AF87152AA79EF9002762E9 = {
			isa = PBXGroup;
			children = (
				A2AF87202AA79EF9002762E9 /* Voting Eligibility App */,
				A2AF87372AA79EFA002762E9 /* Voting Eligibility AppTests */,
				A2AF87412AA79EFA002762E9 /* Voting Eligibility AppUITests */,
				A2AF871F2AA79EF9002762E9 /* Products */,
			);
			sourceTree = "<group>";
		};
		A2AF871F2AA79EF9002762E9 /* Products */ = {
			isa = PBXGroup;
			children = (
				A2AF871E2AA79EF9002762E9 /* Voting Eligibility App.app */,
				A2AF87342AA79EFA002762E9 /* Voting Eligibility AppTests.xctest */,
				A2AF873E2AA79EFA002762E9 /* Voting Eligibility AppUITests.xctest */,
			);
			name = Products;
			sourceTree = "<group>";
		};
		A2AF87202AA79EF9002762E9 /* Voting Eligibility App */ = {
			isa = PBXGroup;
			children = (
				A2AF87212AA79EF9002762E9 /* AppDelegate.swift */,
				A2AF87232AA79EF9002762E9 /* SceneDelegate.swift */,
				A2AF87252AA79EF9002762E9 /* ViewController.swift */,
				A2AF87272AA79EF9002762E9 /* Main.storyboard */,
				A2AF872A2AA79EFA002762E9 /* Assets.xcassets */,
				A2AF872C2AA79EFA002762E9 /* LaunchScreen.storyboard */,
				A2AF872F2AA79EFA002762E9 /* Info.plist */,
			);
			path = "Voting Eligibility App";
			sourceTree = "<group>";
		};
		A2AF87372AA79EFA002762E9 /* Voting Eligibility AppTests */ = {
			isa = PBXGroup;
			children = (
				A2AF87382AA79EFA002762E9 /* Voting_Eligibility_AppTests.swift */,
			);
			path = "Voting Eligibility AppTests";
			sourceTree = "<group>";
		};
		A2AF87412AA79EFA002762E9 /* Voting Eligibility AppUITests */ = {
			isa = PBXGroup;
			children = (
				A2AF87422AA79EFA002762E9 /* Voting_Eligibility_AppUITests.swift */,
				A2AF87442AA79EFA002762E9 /* Voting_Eligibility_AppUITestsLaunchTests.swift */,
			);
			path = "Voting Eligibility AppUITests";
			sourceTree = "<group>";
		};
/* End PBXGroup section */

/* Begin PBXNativeTarget section */
		A2AF871D2AA79EF9002762E9 /* Voting Eligibility App */ = {
			isa = PBXNativeTarget;
			buildConfigurationList = A2AF87482AA79EFA002762E9 /* Build configuration list for PBXNativeTarget "Voting Eligibility App" */;
			buildPhases = (
				A2AF871A2AA79EF9002762E9 /* Sources */,
				A2AF871B2AA79EF9002762E9 /* Frameworks */,
				A2AF871C2AA79EF9002762E9 /* Resources */,
			);
			buildRules = (
			);
			dependencies = (
			);
			name = "Voting Eligibility App";
			productName = "Voting Eligibility App";
			productReference = A2AF871E2AA79EF9002762E9 /* Voting Eligibility App.app */;
			productType = "com.apple.product-type.application";
		};
		A2AF87332AA79EFA002762E9 /* Voting Eligibility AppTests */ = {
			isa = PBXNativeTarget;
			buildConfigurationList = A2AF874B2AA79EFA002762E9 /* Build configuration list for PBXNativeTarget "Voting Eligibility AppTests" */;
			buildPhases = (
				A2AF87302AA79EFA002762E9 /* Sources */,
				A2AF87312AA79EFA002762E9 /* Frameworks */,
				A2AF87322AA79EFA002762E9 /* Resources */,
			);
			buildRules = (
			);
			dependencies = (
				A2AF87362AA79EFA002762E9 /* PBXTargetDependency */,
			);
			name = "Voting Eligibility AppTests";
			productName = "Voting Eligibility AppTests";
			productReference = A2AF87342AA79EFA002762E9 /* Voting Eligibility AppTests.xctest */;
			productType = "com.apple.product-type.bundle.unit-test";
		};
		A2AF873D2AA79EFA002762E9 /* Voting Eligibility AppUITests */ = {
			isa = PBXNativeTarget;
			buildConfigurationList = A2AF874E2AA79EFA002762E9 /* Build configuration list for PBXNativeTarget "Voting Eligibility AppUITests" */;
			buildPhases = (
				A2AF873A2AA79EFA002762E9 /* Sources */,
				A2AF873B2AA79EFA002762E9 /* Frameworks */,
				A2AF873C2AA79EFA002762E9 /* Resources */,
			);
			buildRules = (
			);
			dependencies = (
				A2AF87402AA79EFA002762E9 /* PBXTargetDependency */,
			);
			name = "Voting Eligibility AppUITests";
			productName = "Voting Eligibility AppUITests";
			productReference = A2AF873E2AA79EFA002762E9 /* Voting Eligibility AppUITests.xctest */;
			productType = "com.apple.product-type.bundle.ui-testing";
		};
/* End PBXNativeTarget section */

/* Begin PBXProject section */
		A2AF87162AA79EF9002762E9 /* Project object */ = {
			isa = PBXProject;
			attributes = {
				BuildIndependentTargetsInParallel = 1;
				LastSwiftUpdateCheck = 1430;
				LastUpgradeCheck = 1430;
				TargetAttributes = {
					A2AF871D2AA79EF9002762E9 = {
						CreatedOnToolsVersion = 14.3.1;
					};
					A2AF87332AA79EFA002762E9 = {
						CreatedOnToolsVersion = 14.3.1;
						TestTargetID = A2AF871D2AA79EF9002762E9;
					};
					A2AF873D2AA79EFA002762E9 = {
						CreatedOnToolsVersion = 14.3.1;
						TestTargetID = A2AF871D2AA79EF9002762E9;
					};
				};
			};
			buildConfigurationList = A2AF87192AA79EF9002762E9 /* Build configuration list for PBXProject "Voting Eligibility App" */;
			compatibilityVersion = "Xcode 14.0";
			developmentRegion = en;
			hasScannedForEncodings = 0;
			knownRegions = (
				en,
				Base,
			);
			mainGroup = A2AF87152AA79EF9002762E9;
			productRefGroup = A2AF871F2AA79EF9002762E9 /* Products */;
			projectDirPath = "";
			projectRoot = "";
			targets = (
				A2AF871D2AA79EF9002762E9 /* Voting Eligibility App */,
				A2AF87332AA79EFA002762E9 /* Voting Eligibility AppTests */,
				A2AF873D2AA79EFA002762E9 /* Voting Eligibility AppUITests */,
			);
		};
/* End PBXProject section */

/* Begin PBXResourcesBuildPhase section */
		A2AF871C2AA79EF9002762E9 /* Resources */ = {
			isa = PBXResourcesBuildPhase;
			buildActionMask = 2147483647;
			files = (
				A2AF872E2AA79EFA002762E9 /* LaunchScreen.storyboard in Resources */,
				A2AF872B2AA79EFA002762E9 /* Assets.xcassets in Resources */,
				A2AF87292AA79EF9002762E9 /* Main.storyboard in Resources */,
			);
			runOnlyForDeploymentPostprocessing = 0;
		};
		A2AF87322AA79EFA002762E9 /* Resources */ = {
			isa = PBXResourcesBuildPhase;
			buildActionMask = 2147483647;
			files = (
			);
			runOnlyForDeploymentPostprocessing = 0;
		};
		A2AF873C2AA79EFA002762E9 /* Resources */ = {
			isa = PBXResourcesBuildPhase;
			buildActionMask = 2147483647;
			files = (
			);
			runOnlyForDeploymentPostprocessing = 0;
		};
/* End PBXResourcesBuildPhase section */

/* Begin PBXSourcesBuildPhase section */
		A2AF871A2AA79EF9002762E9 /* Sources */ = {
			isa = PBXSourcesBuildPhase;
			buildActionMask = 2147483647;
			files = (
				A2AF87262AA79EF9002762E9 /* ViewController.swift in Sources */,
				A2AF87222AA79EF9002762E9 /* AppDelegate.swift in Sources */,
				A2AF87242AA79EF9002762E9 /* SceneDelegate.swift in Sources */,
			);
			runOnlyForDeploymentPostprocessing = 0;
		};
		A2AF87302AA79EFA002762E9 /* Sources */ = {
			isa = PBXSourcesBuildPhase;
			buildActionMask = 2147483647;
			files = (
				A2AF87392AA79EFA002762E9 /* Voting_Eligibility_AppTests.swift in Sources */,
			);
			runOnlyForDeploymentPostprocessing = 0;
		};
		A2AF873A2AA79EFA002762E9 /* Sources */ = {
			isa = PBXSourcesBuildPhase;
			buildActionMask = 2147483647;
			files = (
				A2AF87432AA79EFA002762E9 /* Voting_Eligibility_AppUITests.swift in Sources */,
				A2AF87452AA79EFA002762E9 /* Voting_Eligibility_AppUITestsLaunchTests.swift in Sources */,
			);
			runOnlyForDeploymentPostprocessing = 0;
		};
/* End PBXSourcesBuildPhase section */

/* Begin PBXTargetDependency section */
		A2AF87362AA79EFA002762E9 /* PBXTargetDependency */ = {
			isa = PBXTargetDependency;
			target = A2AF871D2AA79EF9002762E9 /* Voting Eligibility App */;
			targetProxy = A2AF87352AA79EFA002762E9 /* PBXContainerItemProxy */;
		};
		A2AF87402AA79EFA002762E9 /* PBXTargetDependency */ = {
			isa = PBXTargetDependency;
			target = A2AF871D2AA79EF9002762E9 /* Voting Eligibility App */;
			targetProxy = A2AF873F2AA79EFA002762E9 /* PBXContainerItemProxy */;
		};
/* End PBXTargetDependency section */

/* Begin PBXVariantGroup section */
		A2AF87272AA79EF9002762E9 /* Main.storyboard */ = {
			isa = PBXVariantGroup;
			children = (
				A2AF87282AA79EF9002762E9 /* Base */,
			);
			name = Main.storyboard;
			sourceTree = "<group>";
		};
		A2AF872C2AA79EFA002762E9 /* LaunchScreen.storyboard */ = {
			isa = PBXVariantGroup;
			children = (
				A2AF872D2AA79EFA002762E9 /* Base */,
			);
			name = LaunchScreen.storyboard;
			sourceTree = "<group>";
		};
/* End PBXVariantGroup section */

/* Begin XCBuildConfiguration section */
		A2AF87462AA79EFA002762E9 /* Debug */ = {
			isa = XCBuildConfiguration;
			buildSettings = {
				ALWAYS_SEARCH_USER_PATHS = NO;
				CLANG_ANALYZER_NONNULL = YES;
				CLANG_ANALYZER_NUMBER_OBJECT_CONVERSION = YES_AGGRESSIVE;
				CLANG_CXX_LANGUAGE_STANDARD = "gnu++20";
				CLANG_ENABLE_MODULES = YES;
				CLANG_ENABLE_OBJC_ARC = YES;
				CLANG_ENABLE_OBJC_WEAK = YES;
				CLANG_WARN_BLOCK_CAPTURE_AUTORELEASING = YES;
				CLANG_WARN_BOOL_CONVERSION = YES;
				CLANG_WARN_COMMA = YES;
				CLANG_WARN_CONSTANT_CONVERSION = YES;
				CLANG_WARN_DEPRECATED_OBJC_IMPLEMENTATIONS = YES;
				CLANG_WARN_DIRECT_OBJC_ISA_USAGE = YES_ERROR;
				CLANG_WARN_DOCUMENTATION_COMMENTS = YES;
				CLANG_WARN_EMPTY_BODY = YES;
				CLANG_WARN_ENUM_CONVERSION = YES;
				CLANG_WARN_INFINITE_RECURSION = YES;
				CLANG_WARN_INT_CONVERSION = YES;
				CLANG_WARN_NON_LITERAL_NULL_CONVERSION = YES;
				CLANG_WARN_OBJC_IMPLICIT_RETAIN_SELF = YES;
				CLANG_WARN_OBJC_LITERAL_CONVERSION = YES;
				CLANG_WARN_OBJC_ROOT_CLASS = YES_ERROR;
				CLANG_WARN_QUOTED_INCLUDE_IN_FRAMEWORK_HEADER = YES;
				CLANG_WARN_RANGE_LOOP_ANALYSIS = YES;
				CLANG_WARN_STRICT_PROTOTYPES = YES;
				CLANG_WARN_SUSPICIOUS_MOVE = YES;
				CLANG_WARN_UNGUARDED_AVAILABILITY = YES_AGGRESSIVE;
				CLANG_WARN_UNREACHABLE_CODE = YES;
				CLANG_WARN__DUPLICATE_METHOD_MATCH = YES;
				COPY_PHASE_STRIP = NO;
				DEBUG_INFORMATION_FORMAT = dwarf;
				ENABLE_STRICT_OBJC_MSGSEND = YES;
				ENABLE_TESTABILITY = YES;
				GCC_C_LANGUAGE_STANDARD = gnu11;
				GCC_DYNAMIC_NO_PIC = NO;
				GCC_NO_COMMON_BLOCKS = YES;
				GCC_OPTIMIZATION_LEVEL = 0;
				GCC_PREPROCESSOR_DEFINITIONS = (
					"DEBUG=1",
					"$(inherited)",
				);
				GCC_WARN_64_TO_32_BIT_CONVERSION = YES;
				GCC_WARN_ABOUT_RETURN_TYPE = YES_ERROR;
				GCC_WARN_UNDECLARED_SELECTOR = YES;
				GCC_WARN_UNINITIALIZED_AUTOS = YES_AGGRESSIVE;
				GCC_WARN_UNUSED_FUNCTION = YES;
				GCC_WARN_UNUSED_VARIABLE = YES;
				IPHONEOS_DEPLOYMENT_TARGET = 16.4;
				MTL_ENABLE_DEBUG_INFO = INCLUDE_SOURCE;
				MTL_FAST_MATH = YES;
				ONLY_ACTIVE_ARCH = YES;
				SDKROOT = iphoneos;
				SWIFT_ACTIVE_COMPILATION_CONDITIONS = DEBUG;
				SWIFT_OPTIMIZATION_LEVEL = "-Onone";
			};
			name = Debug;
		};
		A2AF87472AA79EFA002762E9 /* Release */ = {
			isa = XCBuildConfiguration;
			buildSettings = {
				ALWAYS_SEARCH_USER_PATHS = NO;
				CLANG_ANALYZER_NONNULL = YES;
				CLANG_ANALYZER_NUMBER_OBJECT_CONVERSION = YES_AGGRESSIVE;
				CLANG_CXX_LANGUAGE_STANDARD = "gnu++20";
				CLANG_ENABLE_MODULES = YES;
				CLANG_ENABLE_OBJC_ARC = YES;
				CLANG_ENABLE_OBJC_WEAK = YES;
				CLANG_WARN_BLOCK_CAPTURE_AUTORELEASING = YES;
				CLANG_WARN_BOOL_CONVERSION = YES;
				CLANG_WARN_COMMA = YES;
				CLANG_WARN_CONSTANT_CONVERSION = YES;
				CLANG_WARN_DEPRECATED_OBJC_IMPLEMENTATIONS = YES;
				CLANG_WARN_DIRECT_OBJC_ISA_USAGE = YES_ERROR;
				CLANG_WARN_DOCUMENTATION_COMMENTS = YES;
				CLANG_WARN_EMPTY_BODY = YES;
				CLANG_WARN_ENUM_CONVERSION = YES;
				CLANG_WARN_INFINITE_RECURSION = YES;
				CLANG_WARN_INT_CONVERSION = YES;
				CLANG_WARN_NON_LITERAL_NULL_CONVERSION = YES;
				CLANG_WARN_OBJC_IMPLICIT_RETAIN_SELF = YES;
				CLANG_WARN_OBJC_LITERAL_CONVERSION = YES;
				CLANG_WARN_OBJC_ROOT_CLASS = YES_ERROR;
				CLANG_WARN_QUOTED_INCLUDE_IN_FRAMEWORK_HEADER = YES;
				CLANG_WARN_RANGE_LOOP_ANALYSIS = YES;
				CLANG_WARN_STRICT_PROTOTYPES = YES;
				CLANG_WARN_SUSPICIOUS_MOVE = YES;
				CLANG_WARN_UNGUARDED_AVAILABILITY = YES_AGGRESSIVE;
				CLANG_WARN_UNREACHABLE_CODE = YES;
				CLANG_WARN__DUPLICATE_METHOD_MATCH = YES;
				COPY_PHASE_STRIP = NO;
				DEBUG_INFORMATION_FORMAT = "dwarf-with-dsym";
				ENABLE_NS_ASSERTIONS = NO;
				ENABLE_STRICT_OBJC_MSGSEND = YES;
				GCC_C_LANGUAGE_STANDARD = gnu11;
				GCC_NO_COMMON_BLOCKS = YES;
				GCC_WARN_64_TO_32_BIT_CONVERSION = YES;
				GCC_WARN_ABOUT_RETURN_TYPE = YES_ERROR;
				GCC_WARN_UNDECLARED_SELECTOR = YES;
				GCC_WARN_UNINITIALIZED_AUTOS = YES_AGGRESSIVE;
				GCC_WARN_UNUSED_FUNCTION = YES;
				GCC_WARN_UNUSED_VARIABLE = YES;
				IPHONEOS_DEPLOYMENT_TARGET = 16.4;
				MTL_ENABLE_DEBUG_INFO = NO;
				MTL_FAST_MATH = YES;
				SDKROOT = iphoneos;
				SWIFT_COMPILATION_MODE = wholemodule;
				SWIFT_OPTIMIZATION_LEVEL = "-O";
				VALIDATE_PRODUCT = YES;
			};
			name = Release;
		};
		A2AF87492AA79EFA002762E9 /* Debug */ = {
			isa = XCBuildConfiguration;
			buildSettings = {
				ASSETCATALOG_COMPILER_APPICON_NAME = AppIcon;
				ASSETCATALOG_COMPILER_GLOBAL_ACCENT_COLOR_NAME = AccentColor;
				CODE_SIGN_STYLE = Automatic;
				CURRENT_PROJECT_VERSION = 1;
				GENERATE_INFOPLIST_FILE = YES;
				INFOPLIST_FILE = "Voting Eligibility App/Info.plist";
				INFOPLIST_KEY_CFBundleDisplayName = "Voting Eligibiltiy App";
				INFOPLIST_KEY_UIApplicationSupportsIndirectInputEvents = YES;
				INFOPLIST_KEY_UILaunchStoryboardName = LaunchScreen;
				INFOPLIST_KEY_UIMainStoryboardFile = Main;
				INFOPLIST_KEY_UISupportedInterfaceOrientations_iPad = "UIInterfaceOrientationPortrait UIInterfaceOrientationPortraitUpsideDown UIInterfaceOrientationLandscapeLeft UIInterfaceOrientationLandscapeRight";
				INFOPLIST_KEY_UISupportedInterfaceOrientations_iPhone = "UIInterfaceOrientationPortrait UIInterfaceOrientationLandscapeLeft UIInterfaceOrientationLandscapeRight";
				IPHONEOS_DEPLOYMENT_TARGET = 15.0;
				LD_RUNPATH_SEARCH_PATHS = (
					"$(inherited)",
					"@executable_path/Frameworks",
				);
				MARKETING_VERSION = 1.0;
				PRODUCT_BUNDLE_IDENTIFIER = "nwmissouri.edu.Voting-Eligibility-App";
				PRODUCT_NAME = "$(TARGET_NAME)";
				SWIFT_EMIT_LOC_STRINGS = YES;
				SWIFT_VERSION = 5.0;
				TARGETED_DEVICE_FAMILY = "1,2";
			};
			name = Debug;
		};
		A2AF874A2AA79EFA002762E9 /* Release */ = {
			isa = XCBuildConfiguration;
			buildSettings = {
				ASSETCATALOG_COMPILER_APPICON_NAME = AppIcon;
				ASSETCATALOG_COMPILER_GLOBAL_ACCENT_COLOR_NAME = AccentColor;
				CODE_SIGN_STYLE = Automatic;
				CURRENT_PROJECT_VERSION = 1;
				GENERATE_INFOPLIST_FILE = YES;
				INFOPLIST_FILE = "Voting Eligibility App/Info.plist";
				INFOPLIST_KEY_CFBundleDisplayName = "Voting Eligibiltiy App";
				INFOPLIST_KEY_UIApplicationSupportsIndirectInputEvents = YES;
				INFOPLIST_KEY_UILaunchStoryboardName = LaunchScreen;
				INFOPLIST_KEY_UIMainStoryboardFile = Main;
				INFOPLIST_KEY_UISupportedInterfaceOrientations_iPad = "UIInterfaceOrientationPortrait UIInterfaceOrientationPortraitUpsideDown UIInterfaceOrientationLandscapeLeft UIInterfaceOrientationLandscapeRight";
				INFOPLIST_KEY_UISupportedInterfaceOrientations_iPhone = "UIInterfaceOrientationPortrait UIInterfaceOrientationLandscapeLeft UIInterfaceOrientationLandscapeRight";
				IPHONEOS_DEPLOYMENT_TARGET = 15.0;
				LD_RUNPATH_SEARCH_PATHS = (
					"$(inherited)",
					"@executable_path/Frameworks",
				);
				MARKETING_VERSION = 1.0;
				PRODUCT_BUNDLE_IDENTIFIER = "nwmissouri.edu.Voting-Eligibility-App";
				PRODUCT_NAME = "$(TARGET_NAME)";
				SWIFT_EMIT_LOC_STRINGS = YES;
				SWIFT_VERSION = 5.0;
				TARGETED_DEVICE_FAMILY = "1,2";
			};
			name = Release;
		};
		A2AF874C2AA79EFA002762E9 /* Debug */ = {
			isa = XCBuildConfiguration;
			buildSettings = {
				ALWAYS_EMBED_SWIFT_STANDARD_LIBRARIES = YES;
				BUNDLE_LOADER = "$(TEST_HOST)";
				CODE_SIGN_STYLE = Automatic;
				CURRENT_PROJECT_VERSION = 1;
				GENERATE_INFOPLIST_FILE = YES;
				IPHONEOS_DEPLOYMENT_TARGET = 16.4;
				MARKETING_VERSION = 1.0;
				PRODUCT_BUNDLE_IDENTIFIER = "nwmissouri.edu.Voting-Eligibility-AppTests";
				PRODUCT_NAME = "$(TARGET_NAME)";
				SWIFT_EMIT_LOC_STRINGS = NO;
				SWIFT_VERSION = 5.0;
				TARGETED_DEVICE_FAMILY = "1,2";
				TEST_HOST = "$(BUILT_PRODUCTS_DIR)/Voting Eligibility App.app/$(BUNDLE_EXECUTABLE_FOLDER_PATH)/Voting Eligibility App";
			};
			name = Debug;
		};
		A2AF874D2AA79EFA002762E9 /* Release */ = {
			isa = XCBuildConfiguration;
			buildSettings = {
				ALWAYS_EMBED_SWIFT_STANDARD_LIBRARIES = YES;
				BUNDLE_LOADER = "$(TEST_HOST)";
				CODE_SIGN_STYLE = Automatic;
				CURRENT_PROJECT_VERSION = 1;
				GENERATE_INFOPLIST_FILE = YES;
				IPHONEOS_DEPLOYMENT_TARGET = 16.4;
				MARKETING_VERSION = 1.0;
				PRODUCT_BUNDLE_IDENTIFIER = "nwmissouri.edu.Voting-Eligibility-AppTests";
				PRODUCT_NAME = "$(TARGET_NAME)";
				SWIFT_EMIT_LOC_STRINGS = NO;
				SWIFT_VERSION = 5.0;
				TARGETED_DEVICE_FAMILY = "1,2";
				TEST_HOST = "$(BUILT_PRODUCTS_DIR)/Voting Eligibility App.app/$(BUNDLE_EXECUTABLE_FOLDER_PATH)/Voting Eligibility App";
			};
			name = Release;
		};
		A2AF874F2AA79EFA002762E9 /* Debug */ = {
			isa = XCBuildConfiguration;
			buildSettings = {
				ALWAYS_EMBED_SWIFT_STANDARD_LIBRARIES = YES;
				CODE_SIGN_STYLE = Automatic;
				CURRENT_PROJECT_VERSION = 1;
				GENERATE_INFOPLIST_FILE = YES;
				MARKETING_VERSION = 1.0;
				PRODUCT_BUNDLE_IDENTIFIER = "nwmissouri.edu.Voting-Eligibility-AppUITests";
				PRODUCT_NAME = "$(TARGET_NAME)";
				SWIFT_EMIT_LOC_STRINGS = NO;
				SWIFT_VERSION = 5.0;
				TARGETED_DEVICE_FAMILY = "1,2";
				TEST_TARGET_NAME = "Voting Eligibility App";
			};
			name = Debug;
		};
		A2AF87502AA79EFA002762E9 /* Release */ = {
			isa = XCBuildConfiguration;
			buildSettings = {
				ALWAYS_EMBED_SWIFT_STANDARD_LIBRARIES = YES;
				CODE_SIGN_STYLE = Automatic;
				CURRENT_PROJECT_VERSION = 1;
				GENERATE_INFOPLIST_FILE = YES;
				MARKETING_VERSION = 1.0;
				PRODUCT_BUNDLE_IDENTIFIER = "nwmissouri.edu.Voting-Eligibility-AppUITests";
				PRODUCT_NAME = "$(TARGET_NAME)";
				SWIFT_EMIT_LOC_STRINGS = NO;
				SWIFT_VERSION = 5.0;
				TARGETED_DEVICE_FAMILY = "1,2";
				TEST_TARGET_NAME = "Voting Eligibility App";
			};
			name = Release;
		};
/* End XCBuildConfiguration section */

/* Begin XCConfigurationList section */
		A2AF87192AA79EF9002762E9 /* Build configuration list for PBXProject "Voting Eligibility App" */ = {
			isa = XCConfigurationList;
			buildConfigurations = (
				A2AF87462AA79EFA002762E9 /* Debug */,
				A2AF87472AA79EFA002762E9 /* Release */,
			);
			defaultConfigurationIsVisible = 0;
			defaultConfigurationName = Release;
		};
		A2AF87482AA79EFA002762E9 /* Build configuration list for PBXNativeTarget "Voting Eligibility App" */ = {
			isa = XCConfigurationList;
			buildConfigurations = (
				A2AF87492AA79EFA002762E9 /* Debug */,
				A2AF874A2AA79EFA002762E9 /* Release */,
			);
			defaultConfigurationIsVisible = 0;
			defaultConfigurationName = Release;
		};
		A2AF874B2AA79EFA002762E9 /* Build configuration list for PBXNativeTarget "Voting Eligibility AppTests" */ = {
			isa = XCConfigurationList;
			buildConfigurations = (
				A2AF874C2AA79EFA002762E9 /* Debug */,
				A2AF874D2AA79EFA002762E9 /* Release */,
			);
			defaultConfigurationIsVisible = 0;
			defaultConfigurationName = Release;
		};
		A2AF874E2AA79EFA002762E9 /* Build configuration list for PBXNativeTarget "Voting Eligibility AppUITests" */ = {
			isa = XCConfigurationList;
			buildConfigurations = (
				A2AF874F2AA79EFA002762E9 /* Debug */,
				A2AF87502AA79EFA002762E9 /* Release */,
			);
			defaultConfigurationIsVisible = 0;
			defaultConfigurationName = Release;
		};
/* End XCConfigurationList section */
	};
	rootObject = A2AF87162AA79EF9002762E9 /* Project object */;
}
