// !$*UTF8*$!
{
	archiveVersion = 1;
	classes = {
	};
	objectVersion = 56;
	objects = {

/* Begin PBXBuildFile section */
		A2D9470B2B13D70F0006BAFC /* AppDelegate.swift in Sources */ = {isa = PBXBuildFile; fileRef = A2D9470A2B13D70F0006BAFC /* AppDelegate.swift */; };
		A2D9470D2B13D70F0006BAFC /* SceneDelegate.swift in Sources */ = {isa = PBXBuildFile; fileRef = A2D9470C2B13D70F0006BAFC /* SceneDelegate.swift */; };
		A2D9470F2B13D70F0006BAFC /* GenreViewController.swift in Sources */ = {isa = PBXBuildFile; fileRef = A2D9470E2B13D70F0006BAFC /* GenreViewController.swift */; };
		A2D947122B13D70F0006BAFC /* Main.storyboard in Resources */ = {isa = PBXBuildFile; fileRef = A2D947102B13D70F0006BAFC /* Main.storyboard */; };
		A2D947142B13D7100006BAFC /* Assets.xcassets in Resources */ = {isa = PBXBuildFile; fileRef = A2D947132B13D7100006BAFC /* Assets.xcassets */; };
		A2D947172B13D7100006BAFC /* LaunchScreen.storyboard in Resources */ = {isa = PBXBuildFile; fileRef = A2D947152B13D7100006BAFC /* LaunchScreen.storyboard */; };
		A2D9471F2B13D8A60006BAFC /* MoviesViewController.swift in Sources */ = {isa = PBXBuildFile; fileRef = A2D9471E2B13D8A60006BAFC /* MoviesViewController.swift */; };
		A2D947212B13DB1F0006BAFC /* MovieCollectionViewCell.swift in Sources */ = {isa = PBXBuildFile; fileRef = A2D947202B13DB1F0006BAFC /* MovieCollectionViewCell.swift */; };
		A2D947232B13DC9F0006BAFC /* MovieData.swift in Sources */ = {isa = PBXBuildFile; fileRef = A2D947222B13DC9F0006BAFC /* MovieData.swift */; };
/* End PBXBuildFile section */

/* Begin PBXFileReference section */
		A2D947072B13D70F0006BAFC /* Dangol_Movies.app */ = {isa = PBXFileReference; explicitFileType = wrapper.application; includeInIndex = 0; path = Dangol_Movies.app; sourceTree = BUILT_PRODUCTS_DIR; };
		A2D9470A2B13D70F0006BAFC /* AppDelegate.swift */ = {isa = PBXFileReference; lastKnownFileType = sourcecode.swift; path = AppDelegate.swift; sourceTree = "<group>"; };
		A2D9470C2B13D70F0006BAFC /* SceneDelegate.swift */ = {isa = PBXFileReference; lastKnownFileType = sourcecode.swift; path = SceneDelegate.swift; sourceTree = "<group>"; };
		A2D9470E2B13D70F0006BAFC /* GenreViewController.swift */ = {isa = PBXFileReference; lastKnownFileType = sourcecode.swift; path = GenreViewController.swift; sourceTree = "<group>"; };
		A2D947112B13D70F0006BAFC /* Base */ = {isa = PBXFileReference; lastKnownFileType = file.storyboard; name = Base; path = Base.lproj/Main.storyboard; sourceTree = "<group>"; };
		A2D947132B13D7100006BAFC /* Assets.xcassets */ = {isa = PBXFileReference; lastKnownFileType = folder.assetcatalog; path = Assets.xcassets; sourceTree = "<group>"; };
		A2D947162B13D7100006BAFC /* Base */ = {isa = PBXFileReference; lastKnownFileType = file.storyboard; name = Base; path = Base.lproj/LaunchScreen.storyboard; sourceTree = "<group>"; };
		A2D947182B13D7100006BAFC /* Info.plist */ = {isa = PBXFileReference; lastKnownFileType = text.plist.xml; path = Info.plist; sourceTree = "<group>"; };
		A2D9471E2B13D8A60006BAFC /* MoviesViewController.swift */ = {isa = PBXFileReference; lastKnownFileType = sourcecode.swift; path = MoviesViewController.swift; sourceTree = "<group>"; };
		A2D947202B13DB1F0006BAFC /* MovieCollectionViewCell.swift */ = {isa = PBXFileReference; lastKnownFileType = sourcecode.swift; path = MovieCollectionViewCell.swift; sourceTree = "<group>"; };
		A2D947222B13DC9F0006BAFC /* MovieData.swift */ = {isa = PBXFileReference; lastKnownFileType = sourcecode.swift; path = MovieData.swift; sourceTree = "<group>"; };
/* End PBXFileReference section */

/* Begin PBXFrameworksBuildPhase section */
		A2D947042B13D70F0006BAFC /* Frameworks */ = {
			isa = PBXFrameworksBuildPhase;
			buildActionMask = 2147483647;
			files = (
			);
			runOnlyForDeploymentPostprocessing = 0;
		};
/* End PBXFrameworksBuildPhase section */

/* Begin PBXGroup section */
		A2D946FE2B13D70F0006BAFC = {
			isa = PBXGroup;
			children = (
				A2D947092B13D70F0006BAFC /* Dangol_Movies */,
				A2D947082B13D70F0006BAFC /* Products */,
			);
			sourceTree = "<group>";
		};
		A2D947082B13D70F0006BAFC /* Products */ = {
			isa = PBXGroup;
			children = (
				A2D947072B13D70F0006BAFC /* Dangol_Movies.app */,
			);
			name = Products;
			sourceTree = "<group>";
		};
		A2D947092B13D70F0006BAFC /* Dangol_Movies */ = {
			isa = PBXGroup;
			children = (
				A2D9470A2B13D70F0006BAFC /* AppDelegate.swift */,
				A2D9470C2B13D70F0006BAFC /* SceneDelegate.swift */,
				A2D9470E2B13D70F0006BAFC /* GenreViewController.swift */,
				A2D947102B13D70F0006BAFC /* Main.storyboard */,
				A2D947132B13D7100006BAFC /* Assets.xcassets */,
				A2D947152B13D7100006BAFC /* LaunchScreen.storyboard */,
				A2D947182B13D7100006BAFC /* Info.plist */,
				A2D9471E2B13D8A60006BAFC /* MoviesViewController.swift */,
				A2D947202B13DB1F0006BAFC /* MovieCollectionViewCell.swift */,
				A2D947222B13DC9F0006BAFC /* MovieData.swift */,
			);
			path = Dangol_Movies;
			sourceTree = "<group>";
		};
/* End PBXGroup section */

/* Begin PBXNativeTarget section */
		A2D947062B13D70F0006BAFC /* Dangol_Movies */ = {
			isa = PBXNativeTarget;
			buildConfigurationList = A2D9471B2B13D7100006BAFC /* Build configuration list for PBXNativeTarget "Dangol_Movies" */;
			buildPhases = (
				A2D947032B13D70F0006BAFC /* Sources */,
				A2D947042B13D70F0006BAFC /* Frameworks */,
				A2D947052B13D70F0006BAFC /* Resources */,
			);
			buildRules = (
			);
			dependencies = (
			);
			name = Dangol_Movies;
			productName = Dangol_Movies;
			productReference = A2D947072B13D70F0006BAFC /* Dangol_Movies.app */;
			productType = "com.apple.product-type.application";
		};
/* End PBXNativeTarget section */

/* Begin PBXProject section */
		A2D946FF2B13D70F0006BAFC /* Project object */ = {
			isa = PBXProject;
			attributes = {
				BuildIndependentTargetsInParallel = 1;
				LastSwiftUpdateCheck = 1430;
				LastUpgradeCheck = 1430;
				TargetAttributes = {
					A2D947062B13D70F0006BAFC = {
						CreatedOnToolsVersion = 14.3.1;
					};
				};
			};
			buildConfigurationList = A2D947022B13D70F0006BAFC /* Build configuration list for PBXProject "Dangol_Movies" */;
			compatibilityVersion = "Xcode 14.0";
			developmentRegion = en;
			hasScannedForEncodings = 0;
			knownRegions = (
				en,
				Base,
			);
			mainGroup = A2D946FE2B13D70F0006BAFC;
			productRefGroup = A2D947082B13D70F0006BAFC /* Products */;
			projectDirPath = "";
			projectRoot = "";
			targets = (
				A2D947062B13D70F0006BAFC /* Dangol_Movies */,
			);
		};
/* End PBXProject section */

/* Begin PBXResourcesBuildPhase section */
		A2D947052B13D70F0006BAFC /* Resources */ = {
			isa = PBXResourcesBuildPhase;
			buildActionMask = 2147483647;
			files = (
				A2D947172B13D7100006BAFC /* LaunchScreen.storyboard in Resources */,
				A2D947142B13D7100006BAFC /* Assets.xcassets in Resources */,
				A2D947122B13D70F0006BAFC /* Main.storyboard in Resources */,
			);
			runOnlyForDeploymentPostprocessing = 0;
		};
/* End PBXResourcesBuildPhase section */

/* Begin PBXSourcesBuildPhase section */
		A2D947032B13D70F0006BAFC /* Sources */ = {
			isa = PBXSourcesBuildPhase;
			buildActionMask = 2147483647;
			files = (
				A2D947232B13DC9F0006BAFC /* MovieData.swift in Sources */,
				A2D9470F2B13D70F0006BAFC /* GenreViewController.swift in Sources */,
				A2D9470B2B13D70F0006BAFC /* AppDelegate.swift in Sources */,
				A2D947212B13DB1F0006BAFC /* MovieCollectionViewCell.swift in Sources */,
				A2D9470D2B13D70F0006BAFC /* SceneDelegate.swift in Sources */,
				A2D9471F2B13D8A60006BAFC /* MoviesViewController.swift in Sources */,
			);
			runOnlyForDeploymentPostprocessing = 0;
		};
/* End PBXSourcesBuildPhase section */

/* Begin PBXVariantGroup section */
		A2D947102B13D70F0006BAFC /* Main.storyboard */ = {
			isa = PBXVariantGroup;
			children = (
				A2D947112B13D70F0006BAFC /* Base */,
			);
			name = Main.storyboard;
			sourceTree = "<group>";
		};
		A2D947152B13D7100006BAFC /* LaunchScreen.storyboard */ = {
			isa = PBXVariantGroup;
			children = (
				A2D947162B13D7100006BAFC /* Base */,
			);
			name = LaunchScreen.storyboard;
			sourceTree = "<group>";
		};
/* End PBXVariantGroup section */

/* Begin XCBuildConfiguration section */
		A2D947192B13D7100006BAFC /* Debug */ = {
			isa = XCBuildConfiguration;
			buildSettings = {
				ALWAYS_SEARCH_USER_PATHS = NO;
				CLANG_ANALYZER_NONNULL = YES;
				CLANG_ANALYZER_NUMBER_OBJECT_CONVERSION = YES_AGGRESSIVE;
				CLANG_CXX_LANGUAGE_STANDARD = "gnu++20";
				CLANG_ENABLE_MODULES = YES;
				CLANG_ENABLE_OBJC_ARC = YES;
				CLANG_ENABLE_OBJC_WEAK = YES;
				CLANG_WARN_BLOCK_CAPTURE_AUTORELEASING = YES;
				CLANG_WARN_BOOL_CONVERSION = YES;
				CLANG_WARN_COMMA = YES;
				CLANG_WARN_CONSTANT_CONVERSION = YES;
				CLANG_WARN_DEPRECATED_OBJC_IMPLEMENTATIONS = YES;
				CLANG_WARN_DIRECT_OBJC_ISA_USAGE = YES_ERROR;
				CLANG_WARN_DOCUMENTATION_COMMENTS = YES;
				CLANG_WARN_EMPTY_BODY = YES;
				CLANG_WARN_ENUM_CONVERSION = YES;
				CLANG_WARN_INFINITE_RECURSION = YES;
				CLANG_WARN_INT_CONVERSION = YES;
				CLANG_WARN_NON_LITERAL_NULL_CONVERSION = YES;
				CLANG_WARN_OBJC_IMPLICIT_RETAIN_SELF = YES;
				CLANG_WARN_OBJC_LITERAL_CONVERSION = YES;
				CLANG_WARN_OBJC_ROOT_CLASS = YES_ERROR;
				CLANG_WARN_QUOTED_INCLUDE_IN_FRAMEWORK_HEADER = YES;
				CLANG_WARN_RANGE_LOOP_ANALYSIS = YES;
				CLANG_WARN_STRICT_PROTOTYPES = YES;
				CLANG_WARN_SUSPICIOUS_MOVE = YES;
				CLANG_WARN_UNGUARDED_AVAILABILITY = YES_AGGRESSIVE;
				CLANG_WARN_UNREACHABLE_CODE = YES;
				CLANG_WARN__DUPLICATE_METHOD_MATCH = YES;
				COPY_PHASE_STRIP = NO;
				DEBUG_INFORMATION_FORMAT = dwarf;
				ENABLE_STRICT_OBJC_MSGSEND = YES;
				ENABLE_TESTABILITY = YES;
				GCC_C_LANGUAGE_STANDARD = gnu11;
				GCC_DYNAMIC_NO_PIC = NO;
				GCC_NO_COMMON_BLOCKS = YES;
				GCC_OPTIMIZATION_LEVEL = 0;
				GCC_PREPROCESSOR_DEFINITIONS = (
					"DEBUG=1",
					"$(inherited)",
				);
				GCC_WARN_64_TO_32_BIT_CONVERSION = YES;
				GCC_WARN_ABOUT_RETURN_TYPE = YES_ERROR;
				GCC_WARN_UNDECLARED_SELECTOR = YES;
				GCC_WARN_UNINITIALIZED_AUTOS = YES_AGGRESSIVE;
				GCC_WARN_UNUSED_FUNCTION = YES;
				GCC_WARN_UNUSED_VARIABLE = YES;
				IPHONEOS_DEPLOYMENT_TARGET = 16.4;
				MTL_ENABLE_DEBUG_INFO = INCLUDE_SOURCE;
				MTL_FAST_MATH = YES;
				ONLY_ACTIVE_ARCH = YES;
				SDKROOT = iphoneos;
				SWIFT_ACTIVE_COMPILATION_CONDITIONS = DEBUG;
				SWIFT_OPTIMIZATION_LEVEL = "-Onone";
			};
			name = Debug;
		};
		A2D9471A2B13D7100006BAFC /* Release */ = {
			isa = XCBuildConfiguration;
			buildSettings = {
				ALWAYS_SEARCH_USER_PATHS = NO;
				CLANG_ANALYZER_NONNULL = YES;
				CLANG_ANALYZER_NUMBER_OBJECT_CONVERSION = YES_AGGRESSIVE;
				CLANG_CXX_LANGUAGE_STANDARD = "gnu++20";
				CLANG_ENABLE_MODULES = YES;
				CLANG_ENABLE_OBJC_ARC = YES;
				CLANG_ENABLE_OBJC_WEAK = YES;
				CLANG_WARN_BLOCK_CAPTURE_AUTORELEASING = YES;
				CLANG_WARN_BOOL_CONVERSION = YES;
				CLANG_WARN_COMMA = YES;
				CLANG_WARN_CONSTANT_CONVERSION = YES;
				CLANG_WARN_DEPRECATED_OBJC_IMPLEMENTATIONS = YES;
				CLANG_WARN_DIRECT_OBJC_ISA_USAGE = YES_ERROR;
				CLANG_WARN_DOCUMENTATION_COMMENTS = YES;
				CLANG_WARN_EMPTY_BODY = YES;
				CLANG_WARN_ENUM_CONVERSION = YES;
				CLANG_WARN_INFINITE_RECURSION = YES;
				CLANG_WARN_INT_CONVERSION = YES;
				CLANG_WARN_NON_LITERAL_NULL_CONVERSION = YES;
				CLANG_WARN_OBJC_IMPLICIT_RETAIN_SELF = YES;
				CLANG_WARN_OBJC_LITERAL_CONVERSION = YES;
				CLANG_WARN_OBJC_ROOT_CLASS = YES_ERROR;
				CLANG_WARN_QUOTED_INCLUDE_IN_FRAMEWORK_HEADER = YES;
				CLANG_WARN_RANGE_LOOP_ANALYSIS = YES;
				CLANG_WARN_STRICT_PROTOTYPES = YES;
				CLANG_WARN_SUSPICIOUS_MOVE = YES;
				CLANG_WARN_UNGUARDED_AVAILABILITY = YES_AGGRESSIVE;
				CLANG_WARN_UNREACHABLE_CODE = YES;
				CLANG_WARN__DUPLICATE_METHOD_MATCH = YES;
				COPY_PHASE_STRIP = NO;
				DEBUG_INFORMATION_FORMAT = "dwarf-with-dsym";
				ENABLE_NS_ASSERTIONS = NO;
				ENABLE_STRICT_OBJC_MSGSEND = YES;
				GCC_C_LANGUAGE_STANDARD = gnu11;
				GCC_NO_COMMON_BLOCKS = YES;
				GCC_WARN_64_TO_32_BIT_CONVERSION = YES;
				GCC_WARN_ABOUT_RETURN_TYPE = YES_ERROR;
				GCC_WARN_UNDECLARED_SELECTOR = YES;
				GCC_WARN_UNINITIALIZED_AUTOS = YES_AGGRESSIVE;
				GCC_WARN_UNUSED_FUNCTION = YES;
				GCC_WARN_UNUSED_VARIABLE = YES;
				IPHONEOS_DEPLOYMENT_TARGET = 16.4;
				MTL_ENABLE_DEBUG_INFO = NO;
				MTL_FAST_MATH = YES;
				SDKROOT = iphoneos;
				SWIFT_COMPILATION_MODE = wholemodule;
				SWIFT_OPTIMIZATION_LEVEL = "-O";
				VALIDATE_PRODUCT = YES;
			};
			name = Release;
		};
		A2D9471C2B13D7100006BAFC /* Debug */ = {
			isa = XCBuildConfiguration;
			buildSettings = {
				ASSETCATALOG_COMPILER_APPICON_NAME = AppIcon;
				ASSETCATALOG_COMPILER_GLOBAL_ACCENT_COLOR_NAME = AccentColor;
				CODE_SIGN_STYLE = Automatic;
				CURRENT_PROJECT_VERSION = 1;
				GENERATE_INFOPLIST_FILE = YES;
				INFOPLIST_FILE = Dangol_Movies/Info.plist;
				INFOPLIST_KEY_CFBundleDisplayName = Dangol_Movies;
				INFOPLIST_KEY_UIApplicationSupportsIndirectInputEvents = YES;
				INFOPLIST_KEY_UILaunchStoryboardName = LaunchScreen;
				INFOPLIST_KEY_UIMainStoryboardFile = Main;
				INFOPLIST_KEY_UISupportedInterfaceOrientations_iPad = "UIInterfaceOrientationPortrait UIInterfaceOrientationPortraitUpsideDown UIInterfaceOrientationLandscapeLeft UIInterfaceOrientationLandscapeRight";
				INFOPLIST_KEY_UISupportedInterfaceOrientations_iPhone = "UIInterfaceOrientationPortrait UIInterfaceOrientationLandscapeLeft UIInterfaceOrientationLandscapeRight";
				IPHONEOS_DEPLOYMENT_TARGET = 15.5;
				LD_RUNPATH_SEARCH_PATHS = (
					"$(inherited)",
					"@executable_path/Frameworks",
				);
				MARKETING_VERSION = 1.0;
				PRODUCT_BUNDLE_IDENTIFIER = "nwmsu.Dangol-Movies";
				PRODUCT_NAME = "$(TARGET_NAME)";
				SWIFT_EMIT_LOC_STRINGS = YES;
				SWIFT_VERSION = 5.0;
				TARGETED_DEVICE_FAMILY = "1,2";
			};
			name = Debug;
		};
		A2D9471D2B13D7100006BAFC /* Release */ = {
			isa = XCBuildConfiguration;
			buildSettings = {
				ASSETCATALOG_COMPILER_APPICON_NAME = AppIcon;
				ASSETCATALOG_COMPILER_GLOBAL_ACCENT_COLOR_NAME = AccentColor;
				CODE_SIGN_STYLE = Automatic;
				CURRENT_PROJECT_VERSION = 1;
				GENERATE_INFOPLIST_FILE = YES;
				INFOPLIST_FILE = Dangol_Movies/Info.plist;
				INFOPLIST_KEY_CFBundleDisplayName = Dangol_Movies;
				INFOPLIST_KEY_UIApplicationSupportsIndirectInputEvents = YES;
				INFOPLIST_KEY_UILaunchStoryboardName = LaunchScreen;
				INFOPLIST_KEY_UIMainStoryboardFile = Main;
				INFOPLIST_KEY_UISupportedInterfaceOrientations_iPad = "UIInterfaceOrientationPortrait UIInterfaceOrientationPortraitUpsideDown UIInterfaceOrientationLandscapeLeft UIInterfaceOrientationLandscapeRight";
				INFOPLIST_KEY_UISupportedInterfaceOrientations_iPhone = "UIInterfaceOrientationPortrait UIInterfaceOrientationLandscapeLeft UIInterfaceOrientationLandscapeRight";
				IPHONEOS_DEPLOYMENT_TARGET = 15.5;
				LD_RUNPATH_SEARCH_PATHS = (
					"$(inherited)",
					"@executable_path/Frameworks",
				);
				MARKETING_VERSION = 1.0;
				PRODUCT_BUNDLE_IDENTIFIER = "nwmsu.Dangol-Movies";
				PRODUCT_NAME = "$(TARGET_NAME)";
				SWIFT_EMIT_LOC_STRINGS = YES;
				SWIFT_VERSION = 5.0;
				TARGETED_DEVICE_FAMILY = "1,2";
			};
			name = Release;
		};
/* End XCBuildConfiguration section */

/* Begin XCConfigurationList section */
		A2D947022B13D70F0006BAFC /* Build configuration list for PBXProject "Dangol_Movies" */ = {
			isa = XCConfigurationList;
			buildConfigurations = (
				A2D947192B13D7100006BAFC /* Debug */,
				A2D9471A2B13D7100006BAFC /* Release */,
			);
			defaultConfigurationIsVisible = 0;
			defaultConfigurationName = Release;
		};
		A2D9471B2B13D7100006BAFC /* Build configuration list for PBXNativeTarget "Dangol_Movies" */ = {
			isa = XCConfigurationList;
			buildConfigurations = (
				A2D9471C2B13D7100006BAFC /* Debug */,
				A2D9471D2B13D7100006BAFC /* Release */,
			);
			defaultConfigurationIsVisible = 0;
			defaultConfigurationName = Release;
		};
/* End XCConfigurationList section */
	};
	rootObject = A2D946FF2B13D70F0006BAFC /* Project object */;
}
